
Microsoft Visual Studio Solution File, Format Version 11.00
# Visual Studio 2010
Project("{FAE04EC0-301F-11D3-BF4B-00C04F79EFBC}") = "ETdA", "ETdA.csproj", "{3069B5E0-74BC-4675-9BCB-D48E87DE7DF1}"
EndProject
Global
	GlobalSection(SolutionConfigurationPlatforms) = preSolution
		Debug|x86 = Debug|x86
		Release|x86 = Release|x86
	EndGlobalSection
	GlobalSection(ProjectConfigurationPlatforms) = postSolution
		{3069B5E0-74BC-4675-9BCB-D48E87DE7DF1}.Debug|x86.ActiveCfg = Debug|x86
		{3069B5E0-74BC-4675-9BCB-D48E87DE7DF1}.Debug|x86.Build.0 = Debug|x86
		{3069B5E0-74BC-4675-9BCB-D48E87DE7DF1}.Release|x86.ActiveCfg = Release|x86
		{3069B5E0-74BC-4675-9BCB-D48E87DE7DF1}.Release|x86.Build.0 = Release|x86
	EndGlobalSection
	GlobalSection(SolutionProperties) = preSolution
		HideSolutionNode = FALSE
	EndGlobalSection
	GlobalSection(ExtensibilityGlobals) = postSolution
		VisualSVNWorkingCopyRoot = .
	EndGlobalSection
EndGlobal
